
Microsoft Visual Studio Solution File, Format Version 12.00
# Visual Studio Version 17
VisualStudioVersion = 17.0.31919.166
MinimumVisualStudioVersion = 10.0.40219.1
Project("{888888A0-9F3D-457C-B088-3A5042F75D52}") = "AdventOfCode2021", "AdventOfCode2021.pyproj", "{B369A607-30BC-4D28-AFC0-3CB8503CDE74}"
EndProject
Global
	GlobalSection(SolutionConfigurationPlatforms) = preSolution
		Debug|Any CPU = Debug|Any CPU
		Release|Any CPU = Release|Any CPU
	EndGlobalSection
	GlobalSection(ProjectConfigurationPlatforms) = postSolution
		{B369A607-30BC-4D28-AFC0-3CB8503CDE74}.Debug|Any CPU.ActiveCfg = Debug|Any CPU
		{B369A607-30BC-4D28-AFC0-3CB8503CDE74}.Release|Any CPU.ActiveCfg = Release|Any CPU
	EndGlobalSection
	GlobalSection(SolutionProperties) = preSolution
		HideSolutionNode = FALSE
	EndGlobalSection
	GlobalSection(ExtensibilityGlobals) = postSolution
		SolutionGuid = {06CEF9C4-D27E-40AA-84BE-9B3023608209}
	EndGlobalSection
EndGlobal
